// !$*UTF8*$!
{
	archiveVersion = 1;
	classes = {
	};
	objectVersion = 56;
	objects = {

/* Begin PBXBuildFile section */
		97C8A02E2B68765200B7CDDA /* ZenFocusApp.swift in Sources */ = {isa = PBXBuildFile; fileRef = 97C8A02D2B68765200B7CDDA /* ZenFocusApp.swift */; };
		97C8A0302B68765200B7CDDA /* ContentView.swift in Sources */ = {isa = PBXBuildFile; fileRef = 97C8A02F2B68765200B7CDDA /* ContentView.swift */; };
		97C8A0322B68765900B7CDDA /* Assets.xcassets in Resources */ = {isa = PBXBuildFile; fileRef = 97C8A0312B68765900B7CDDA /* Assets.xcassets */; };
		97C8A0352B68765900B7CDDA /* Preview Assets.xcassets in Resources */ = {isa = PBXBuildFile; fileRef = 97C8A0342B68765900B7CDDA /* Preview Assets.xcassets */; };
		97C8A03B2B68765900B7CDDA /* ZenFocus Watch App.app in Embed Watch Content */ = {isa = PBXBuildFile; fileRef = 97C8A03A2B68765900B7CDDA /* ZenFocus Watch App.app */; settings = {ATTRIBUTES = (RemoveHeadersOnCopy, ); }; };
		97C8A0402B68765900B7CDDA /* ZenFocusApp.swift in Sources */ = {isa = PBXBuildFile; fileRef = 97C8A03F2B68765900B7CDDA /* ZenFocusApp.swift */; };
		97C8A0422B68765900B7CDDA /* ContentView.swift in Sources */ = {isa = PBXBuildFile; fileRef = 97C8A0412B68765900B7CDDA /* ContentView.swift */; };
		97C8A0442B68765A00B7CDDA /* Assets.xcassets in Resources */ = {isa = PBXBuildFile; fileRef = 97C8A0432B68765A00B7CDDA /* Assets.xcassets */; };
		97C8A0472B68765A00B7CDDA /* Preview Assets.xcassets in Resources */ = {isa = PBXBuildFile; fileRef = 97C8A0462B68765A00B7CDDA /* Preview Assets.xcassets */; };
		97C8A0522B68887700B7CDDA /* BinauralBeatPlayer.swift in Sources */ = {isa = PBXBuildFile; fileRef = 97C8A0512B68887700B7CDDA /* BinauralBeatPlayer.swift */; };
		97C8A0532B68887700B7CDDA /* BinauralBeatPlayer.swift in Sources */ = {isa = PBXBuildFile; fileRef = 97C8A0512B68887700B7CDDA /* BinauralBeatPlayer.swift */; };
		97ED53AC2B8577E60023A153 /* AppState.swift in Sources */ = {isa = PBXBuildFile; fileRef = 97ED53AB2B8577E60023A153 /* AppState.swift */; };
		97ED53AE2B85784A0023A153 /* PomodoroView.swift in Sources */ = {isa = PBXBuildFile; fileRef = 97ED53AD2B85784A0023A153 /* PomodoroView.swift */; };
		97ED53B02B857D2D0023A153 /* CallManager.swift in Sources */ = {isa = PBXBuildFile; fileRef = 97ED53AF2B857D2D0023A153 /* CallManager.swift */; };
/* End PBXBuildFile section */

/* Begin PBXContainerItemProxy section */
		97C8A03C2B68765900B7CDDA /* PBXContainerItemProxy */ = {
			isa = PBXContainerItemProxy;
			containerPortal = 97C8A0222B68765100B7CDDA /* Project object */;
			proxyType = 1;
			remoteGlobalIDString = 97C8A0392B68765900B7CDDA;
			remoteInfo = "ZenFocus Watch App";
		};
/* End PBXContainerItemProxy section */

/* Begin PBXCopyFilesBuildPhase section */
		97C8A04D2B68765A00B7CDDA /* Embed Watch Content */ = {
			isa = PBXCopyFilesBuildPhase;
			buildActionMask = 2147483647;
			dstPath = "$(CONTENTS_FOLDER_PATH)/Watch";
			dstSubfolderSpec = 16;
			files = (
				97C8A03B2B68765900B7CDDA /* ZenFocus Watch App.app in Embed Watch Content */,
			);
			name = "Embed Watch Content";
			runOnlyForDeploymentPostprocessing = 0;
		};
/* End PBXCopyFilesBuildPhase section */

/* Begin PBXFileReference section */
		97C8A02A2B68765200B7CDDA /* ZenFocus.app */ = {isa = PBXFileReference; explicitFileType = wrapper.application; includeInIndex = 0; path = ZenFocus.app; sourceTree = BUILT_PRODUCTS_DIR; };
		97C8A02D2B68765200B7CDDA /* ZenFocusApp.swift */ = {isa = PBXFileReference; lastKnownFileType = sourcecode.swift; path = ZenFocusApp.swift; sourceTree = "<group>"; };
		97C8A02F2B68765200B7CDDA /* ContentView.swift */ = {isa = PBXFileReference; lastKnownFileType = sourcecode.swift; path = ContentView.swift; sourceTree = "<group>"; };
		97C8A0312B68765900B7CDDA /* Assets.xcassets */ = {isa = PBXFileReference; lastKnownFileType = folder.assetcatalog; path = Assets.xcassets; sourceTree = "<group>"; };
		97C8A0342B68765900B7CDDA /* Preview Assets.xcassets */ = {isa = PBXFileReference; lastKnownFileType = folder.assetcatalog; path = "Preview Assets.xcassets"; sourceTree = "<group>"; };
		97C8A03A2B68765900B7CDDA /* ZenFocus Watch App.app */ = {isa = PBXFileReference; explicitFileType = wrapper.application; includeInIndex = 0; path = "ZenFocus Watch App.app"; sourceTree = BUILT_PRODUCTS_DIR; };
		97C8A03F2B68765900B7CDDA /* ZenFocusApp.swift */ = {isa = PBXFileReference; lastKnownFileType = sourcecode.swift; path = ZenFocusApp.swift; sourceTree = "<group>"; };
		97C8A0412B68765900B7CDDA /* ContentView.swift */ = {isa = PBXFileReference; lastKnownFileType = sourcecode.swift; path = ContentView.swift; sourceTree = "<group>"; };
		97C8A0432B68765A00B7CDDA /* Assets.xcassets */ = {isa = PBXFileReference; lastKnownFileType = folder.assetcatalog; path = Assets.xcassets; sourceTree = "<group>"; };
		97C8A0462B68765A00B7CDDA /* Preview Assets.xcassets */ = {isa = PBXFileReference; lastKnownFileType = folder.assetcatalog; path = "Preview Assets.xcassets"; sourceTree = "<group>"; };
		97C8A0512B68887700B7CDDA /* BinauralBeatPlayer.swift */ = {isa = PBXFileReference; lastKnownFileType = sourcecode.swift; path = BinauralBeatPlayer.swift; sourceTree = "<group>"; };
		97ED53AB2B8577E60023A153 /* AppState.swift */ = {isa = PBXFileReference; lastKnownFileType = sourcecode.swift; path = AppState.swift; sourceTree = "<group>"; };
		97ED53AD2B85784A0023A153 /* PomodoroView.swift */ = {isa = PBXFileReference; lastKnownFileType = sourcecode.swift; path = PomodoroView.swift; sourceTree = "<group>"; };
		97ED53AF2B857D2D0023A153 /* CallManager.swift */ = {isa = PBXFileReference; lastKnownFileType = sourcecode.swift; path = CallManager.swift; sourceTree = "<group>"; };
/* End PBXFileReference section */

/* Begin PBXFrameworksBuildPhase section */
		97C8A0272B68765200B7CDDA /* Frameworks */ = {
			isa = PBXFrameworksBuildPhase;
			buildActionMask = 2147483647;
			files = (
			);
			runOnlyForDeploymentPostprocessing = 0;
		};
		97C8A0372B68765900B7CDDA /* Frameworks */ = {
			isa = PBXFrameworksBuildPhase;
			buildActionMask = 2147483647;
			files = (
			);
			runOnlyForDeploymentPostprocessing = 0;
		};
/* End PBXFrameworksBuildPhase section */

/* Begin PBXGroup section */
		97C8A0212B68765100B7CDDA = {
			isa = PBXGroup;
			children = (
				97C8A02C2B68765200B7CDDA /* ZenFocus */,
				97C8A03E2B68765900B7CDDA /* ZenFocus Watch App */,
				97C8A02B2B68765200B7CDDA /* Products */,
			);
			sourceTree = "<group>";
		};
		97C8A02B2B68765200B7CDDA /* Products */ = {
			isa = PBXGroup;
			children = (
				97C8A02A2B68765200B7CDDA /* ZenFocus.app */,
				97C8A03A2B68765900B7CDDA /* ZenFocus Watch App.app */,
			);
			name = Products;
			sourceTree = "<group>";
		};
		97C8A02C2B68765200B7CDDA /* ZenFocus */ = {
			isa = PBXGroup;
			children = (
				97C8A02D2B68765200B7CDDA /* ZenFocusApp.swift */,
				97C8A02F2B68765200B7CDDA /* ContentView.swift */,
				97C8A0312B68765900B7CDDA /* Assets.xcassets */,
				97C8A0332B68765900B7CDDA /* Preview Content */,
				97C8A0512B68887700B7CDDA /* BinauralBeatPlayer.swift */,
				97ED53AF2B857D2D0023A153 /* CallManager.swift */,
				97ED53AB2B8577E60023A153 /* AppState.swift */,
				97ED53AD2B85784A0023A153 /* PomodoroView.swift */,
			);
			path = ZenFocus;
			sourceTree = "<group>";
		};
		97C8A0332B68765900B7CDDA /* Preview Content */ = {
			isa = PBXGroup;
			children = (
				97C8A0342B68765900B7CDDA /* Preview Assets.xcassets */,
			);
			path = "Preview Content";
			sourceTree = "<group>";
		};
		97C8A03E2B68765900B7CDDA /* ZenFocus Watch App */ = {
			isa = PBXGroup;
			children = (
				97C8A03F2B68765900B7CDDA /* ZenFocusApp.swift */,
				97C8A0412B68765900B7CDDA /* ContentView.swift */,
				97C8A0432B68765A00B7CDDA /* Assets.xcassets */,
				97C8A0452B68765A00B7CDDA /* Preview Content */,
			);
			path = "ZenFocus Watch App";
			sourceTree = "<group>";
		};
		97C8A0452B68765A00B7CDDA /* Preview Content */ = {
			isa = PBXGroup;
			children = (
				97C8A0462B68765A00B7CDDA /* Preview Assets.xcassets */,
			);
			path = "Preview Content";
			sourceTree = "<group>";
		};
/* End PBXGroup section */

/* Begin PBXNativeTarget section */
		97C8A0292B68765200B7CDDA /* ZenFocus */ = {
			isa = PBXNativeTarget;
			buildConfigurationList = 97C8A04E2B68765A00B7CDDA /* Build configuration list for PBXNativeTarget "ZenFocus" */;
			buildPhases = (
				97C8A0262B68765200B7CDDA /* Sources */,
				97C8A0272B68765200B7CDDA /* Frameworks */,
				97C8A0282B68765200B7CDDA /* Resources */,
				97C8A04D2B68765A00B7CDDA /* Embed Watch Content */,
			);
			buildRules = (
			);
			dependencies = (
				97C8A03D2B68765900B7CDDA /* PBXTargetDependency */,
			);
			name = ZenFocus;
			productName = ZenFocus;
			productReference = 97C8A02A2B68765200B7CDDA /* ZenFocus.app */;
			productType = "com.apple.product-type.application";
		};
		97C8A0392B68765900B7CDDA /* ZenFocus Watch App */ = {
			isa = PBXNativeTarget;
			buildConfigurationList = 97C8A04A2B68765A00B7CDDA /* Build configuration list for PBXNativeTarget "ZenFocus Watch App" */;
			buildPhases = (
				97C8A0362B68765900B7CDDA /* Sources */,
				97C8A0372B68765900B7CDDA /* Frameworks */,
				97C8A0382B68765900B7CDDA /* Resources */,
			);
			buildRules = (
			);
			dependencies = (
			);
			name = "ZenFocus Watch App";
			productName = "ZenFocus Watch App";
			productReference = 97C8A03A2B68765900B7CDDA /* ZenFocus Watch App.app */;
			productType = "com.apple.product-type.application";
		};
/* End PBXNativeTarget section */

/* Begin PBXProject section */
		97C8A0222B68765100B7CDDA /* Project object */ = {
			isa = PBXProject;
			attributes = {
				BuildIndependentTargetsInParallel = 1;
				LastSwiftUpdateCheck = 1510;
				LastUpgradeCheck = 1510;
				TargetAttributes = {
					97C8A0292B68765200B7CDDA = {
						CreatedOnToolsVersion = 15.1;
					};
					97C8A0392B68765900B7CDDA = {
						CreatedOnToolsVersion = 15.1;
					};
				};
			};
			buildConfigurationList = 97C8A0252B68765100B7CDDA /* Build configuration list for PBXProject "ZenFocus" */;
			compatibilityVersion = "Xcode 14.0";
			developmentRegion = en;
			hasScannedForEncodings = 0;
			knownRegions = (
				en,
				Base,
			);
			mainGroup = 97C8A0212B68765100B7CDDA;
			productRefGroup = 97C8A02B2B68765200B7CDDA /* Products */;
			projectDirPath = "";
			projectRoot = "";
			targets = (
				97C8A0292B68765200B7CDDA /* ZenFocus */,
				97C8A0392B68765900B7CDDA /* ZenFocus Watch App */,
			);
		};
/* End PBXProject section */

/* Begin PBXResourcesBuildPhase section */
		97C8A0282B68765200B7CDDA /* Resources */ = {
			isa = PBXResourcesBuildPhase;
			buildActionMask = 2147483647;
			files = (
				97C8A0352B68765900B7CDDA /* Preview Assets.xcassets in Resources */,
				97C8A0322B68765900B7CDDA /* Assets.xcassets in Resources */,
			);
			runOnlyForDeploymentPostprocessing = 0;
		};
		97C8A0382B68765900B7CDDA /* Resources */ = {
			isa = PBXResourcesBuildPhase;
			buildActionMask = 2147483647;
			files = (
				97C8A0472B68765A00B7CDDA /* Preview Assets.xcassets in Resources */,
				97C8A0442B68765A00B7CDDA /* Assets.xcassets in Resources */,
			);
			runOnlyForDeploymentPostprocessing = 0;
		};
/* End PBXResourcesBuildPhase section */

/* Begin PBXSourcesBuildPhase section */
		97C8A0262B68765200B7CDDA /* Sources */ = {
			isa = PBXSourcesBuildPhase;
			buildActionMask = 2147483647;
			files = (
				97ED53AE2B85784A0023A153 /* PomodoroView.swift in Sources */,
				97C8A0302B68765200B7CDDA /* ContentView.swift in Sources */,
				97C8A0522B68887700B7CDDA /* BinauralBeatPlayer.swift in Sources */,
				97ED53B02B857D2D0023A153 /* CallManager.swift in Sources */,
				97C8A02E2B68765200B7CDDA /* ZenFocusApp.swift in Sources */,
				97ED53AC2B8577E60023A153 /* AppState.swift in Sources */,
			);
			runOnlyForDeploymentPostprocessing = 0;
		};
		97C8A0362B68765900B7CDDA /* Sources */ = {
			isa = PBXSourcesBuildPhase;
			buildActionMask = 2147483647;
			files = (
				97C8A0422B68765900B7CDDA /* ContentView.swift in Sources */,
				97C8A0532B68887700B7CDDA /* BinauralBeatPlayer.swift in Sources */,
				97C8A0402B68765900B7CDDA /* ZenFocusApp.swift in Sources */,
			);
			runOnlyForDeploymentPostprocessing = 0;
		};
/* End PBXSourcesBuildPhase section */

/* Begin PBXTargetDependency section */
		97C8A03D2B68765900B7CDDA /* PBXTargetDependency */ = {
			isa = PBXTargetDependency;
			target = 97C8A0392B68765900B7CDDA /* ZenFocus Watch App */;
			targetProxy = 97C8A03C2B68765900B7CDDA /* PBXContainerItemProxy */;
		};
/* End PBXTargetDependency section */

/* Begin XCBuildConfiguration section */
		97C8A0482B68765A00B7CDDA /* Debug */ = {
			isa = XCBuildConfiguration;
			buildSettings = {
				ALWAYS_SEARCH_USER_PATHS = NO;
				ASSETCATALOG_COMPILER_GENERATE_SWIFT_ASSET_SYMBOL_EXTENSIONS = YES;
				CLANG_ANALYZER_NONNULL = YES;
				CLANG_ANALYZER_NUMBER_OBJECT_CONVERSION = YES_AGGRESSIVE;
				CLANG_CXX_LANGUAGE_STANDARD = "gnu++20";
				CLANG_ENABLE_MODULES = YES;
				CLANG_ENABLE_OBJC_ARC = YES;
				CLANG_ENABLE_OBJC_WEAK = YES;
				CLANG_WARN_BLOCK_CAPTURE_AUTORELEASING = YES;
				CLANG_WARN_BOOL_CONVERSION = YES;
				CLANG_WARN_COMMA = YES;
				CLANG_WARN_CONSTANT_CONVERSION = YES;
				CLANG_WARN_DEPRECATED_OBJC_IMPLEMENTATIONS = YES;
				CLANG_WARN_DIRECT_OBJC_ISA_USAGE = YES_ERROR;
				CLANG_WARN_DOCUMENTATION_COMMENTS = YES;
				CLANG_WARN_EMPTY_BODY = YES;
				CLANG_WARN_ENUM_CONVERSION = YES;
				CLANG_WARN_INFINITE_RECURSION = YES;
				CLANG_WARN_INT_CONVERSION = YES;
				CLANG_WARN_NON_LITERAL_NULL_CONVERSION = YES;
				CLANG_WARN_OBJC_IMPLICIT_RETAIN_SELF = YES;
				CLANG_WARN_OBJC_LITERAL_CONVERSION = YES;
				CLANG_WARN_OBJC_ROOT_CLASS = YES_ERROR;
				CLANG_WARN_QUOTED_INCLUDE_IN_FRAMEWORK_HEADER = YES;
				CLANG_WARN_RANGE_LOOP_ANALYSIS = YES;
				CLANG_WARN_STRICT_PROTOTYPES = YES;
				CLANG_WARN_SUSPICIOUS_MOVE = YES;
				CLANG_WARN_UNGUARDED_AVAILABILITY = YES_AGGRESSIVE;
				CLANG_WARN_UNREACHABLE_CODE = YES;
				CLANG_WARN__DUPLICATE_METHOD_MATCH = YES;
				COPY_PHASE_STRIP = NO;
				DEBUG_INFORMATION_FORMAT = dwarf;
				ENABLE_STRICT_OBJC_MSGSEND = YES;
				ENABLE_TESTABILITY = YES;
				ENABLE_USER_SCRIPT_SANDBOXING = YES;
				GCC_C_LANGUAGE_STANDARD = gnu17;
				GCC_DYNAMIC_NO_PIC = NO;
				GCC_NO_COMMON_BLOCKS = YES;
				GCC_OPTIMIZATION_LEVEL = 0;
				GCC_PREPROCESSOR_DEFINITIONS = (
					"DEBUG=1",
					"$(inherited)",
				);
				GCC_WARN_64_TO_32_BIT_CONVERSION = YES;
				GCC_WARN_ABOUT_RETURN_TYPE = YES_ERROR;
				GCC_WARN_UNDECLARED_SELECTOR = YES;
				GCC_WARN_UNINITIALIZED_AUTOS = YES_AGGRESSIVE;
				GCC_WARN_UNUSED_FUNCTION = YES;
				GCC_WARN_UNUSED_VARIABLE = YES;
				LOCALIZATION_PREFERS_STRING_CATALOGS = YES;
				MTL_ENABLE_DEBUG_INFO = INCLUDE_SOURCE;
				MTL_FAST_MATH = YES;
				ONLY_ACTIVE_ARCH = YES;
				SWIFT_ACTIVE_COMPILATION_CONDITIONS = "DEBUG $(inherited)";
				SWIFT_OPTIMIZATION_LEVEL = "-Onone";
			};
			name = Debug;
		};
		97C8A0492B68765A00B7CDDA /* Release */ = {
			isa = XCBuildConfiguration;
			buildSettings = {
				ALWAYS_SEARCH_USER_PATHS = NO;
				ASSETCATALOG_COMPILER_GENERATE_SWIFT_ASSET_SYMBOL_EXTENSIONS = YES;
				CLANG_ANALYZER_NONNULL = YES;
				CLANG_ANALYZER_NUMBER_OBJECT_CONVERSION = YES_AGGRESSIVE;
				CLANG_CXX_LANGUAGE_STANDARD = "gnu++20";
				CLANG_ENABLE_MODULES = YES;
				CLANG_ENABLE_OBJC_ARC = YES;
				CLANG_ENABLE_OBJC_WEAK = YES;
				CLANG_WARN_BLOCK_CAPTURE_AUTORELEASING = YES;
				CLANG_WARN_BOOL_CONVERSION = YES;
				CLANG_WARN_COMMA = YES;
				CLANG_WARN_CONSTANT_CONVERSION = YES;
				CLANG_WARN_DEPRECATED_OBJC_IMPLEMENTATIONS = YES;
				CLANG_WARN_DIRECT_OBJC_ISA_USAGE = YES_ERROR;
				CLANG_WARN_DOCUMENTATION_COMMENTS = YES;
				CLANG_WARN_EMPTY_BODY = YES;
				CLANG_WARN_ENUM_CONVERSION = YES;
				CLANG_WARN_INFINITE_RECURSION = YES;
				CLANG_WARN_INT_CONVERSION = YES;
				CLANG_WARN_NON_LITERAL_NULL_CONVERSION = YES;
				CLANG_WARN_OBJC_IMPLICIT_RETAIN_SELF = YES;
				CLANG_WARN_OBJC_LITERAL_CONVERSION = YES;
				CLANG_WARN_OBJC_ROOT_CLASS = YES_ERROR;
				CLANG_WARN_QUOTED_INCLUDE_IN_FRAMEWORK_HEADER = YES;
				CLANG_WARN_RANGE_LOOP_ANALYSIS = YES;
				CLANG_WARN_STRICT_PROTOTYPES = YES;
				CLANG_WARN_SUSPICIOUS_MOVE = YES;
				CLANG_WARN_UNGUARDED_AVAILABILITY = YES_AGGRESSIVE;
				CLANG_WARN_UNREACHABLE_CODE = YES;
				CLANG_WARN__DUPLICATE_METHOD_MATCH = YES;
				COPY_PHASE_STRIP = NO;
				DEBUG_INFORMATION_FORMAT = "dwarf-with-dsym";
				ENABLE_NS_ASSERTIONS = NO;
				ENABLE_STRICT_OBJC_MSGSEND = YES;
				ENABLE_USER_SCRIPT_SANDBOXING = YES;
				GCC_C_LANGUAGE_STANDARD = gnu17;
				GCC_NO_COMMON_BLOCKS = YES;
				GCC_WARN_64_TO_32_BIT_CONVERSION = YES;
				GCC_WARN_ABOUT_RETURN_TYPE = YES_ERROR;
				GCC_WARN_UNDECLARED_SELECTOR = YES;
				GCC_WARN_UNINITIALIZED_AUTOS = YES_AGGRESSIVE;
				GCC_WARN_UNUSED_FUNCTION = YES;
				GCC_WARN_UNUSED_VARIABLE = YES;
				LOCALIZATION_PREFERS_STRING_CATALOGS = YES;
				MTL_ENABLE_DEBUG_INFO = NO;
				MTL_FAST_MATH = YES;
				SWIFT_COMPILATION_MODE = wholemodule;
			};
			name = Release;
		};
		97C8A04B2B68765A00B7CDDA /* Debug */ = {
			isa = XCBuildConfiguration;
			buildSettings = {
				ASSETCATALOG_COMPILER_APPICON_NAME = AppIcon;
				ASSETCATALOG_COMPILER_GLOBAL_ACCENT_COLOR_NAME = AccentColor;
				CODE_SIGN_STYLE = Automatic;
				CURRENT_PROJECT_VERSION = 1;
				DEVELOPMENT_ASSET_PATHS = "\"ZenFocus Watch App/Preview Content\"";
				DEVELOPMENT_TEAM = 92R87MQ44U;
				ENABLE_PREVIEWS = YES;
				GENERATE_INFOPLIST_FILE = YES;
				INFOPLIST_KEY_CFBundleDisplayName = ZenFocus;
				INFOPLIST_KEY_UISupportedInterfaceOrientations = "UIInterfaceOrientationPortrait UIInterfaceOrientationPortraitUpsideDown";
				INFOPLIST_KEY_WKCompanionAppBundleIdentifier = com.kwawannan.ZenFocus;
				LD_RUNPATH_SEARCH_PATHS = (
					"$(inherited)",
					"@executable_path/Frameworks",
				);
				MARKETING_VERSION = 1.0;
				PRODUCT_BUNDLE_IDENTIFIER = com.kwawannan.ZenFocus.watchkitapp;
				PRODUCT_NAME = "$(TARGET_NAME)";
				SDKROOT = watchos;
				SKIP_INSTALL = YES;
				SWIFT_EMIT_LOC_STRINGS = YES;
				SWIFT_VERSION = 5.0;
				TARGETED_DEVICE_FAMILY = 4;
				WATCHOS_DEPLOYMENT_TARGET = 10.2;
			};
			name = Debug;
		};
		97C8A04C2B68765A00B7CDDA /* Release */ = {
			isa = XCBuildConfiguration;
			buildSettings = {
				ASSETCATALOG_COMPILER_APPICON_NAME = AppIcon;
				ASSETCATALOG_COMPILER_GLOBAL_ACCENT_COLOR_NAME = AccentColor;
				CODE_SIGN_STYLE = Automatic;
				CURRENT_PROJECT_VERSION = 1;
				DEVELOPMENT_ASSET_PATHS = "\"ZenFocus Watch App/Preview Content\"";
				DEVELOPMENT_TEAM = 92R87MQ44U;
				ENABLE_PREVIEWS = YES;
				GENERATE_INFOPLIST_FILE = YES;
				INFOPLIST_KEY_CFBundleDisplayName = ZenFocus;
				INFOPLIST_KEY_UISupportedInterfaceOrientations = "UIInterfaceOrientationPortrait UIInterfaceOrientationPortraitUpsideDown";
				INFOPLIST_KEY_WKCompanionAppBundleIdentifier = com.kwawannan.ZenFocus;
				LD_RUNPATH_SEARCH_PATHS = (
					"$(inherited)",
					"@executable_path/Frameworks",
				);
				MARKETING_VERSION = 1.0;
				PRODUCT_BUNDLE_IDENTIFIER = com.kwawannan.ZenFocus.watchkitapp;
				PRODUCT_NAME = "$(TARGET_NAME)";
				SDKROOT = watchos;
				SKIP_INSTALL = YES;
				SWIFT_EMIT_LOC_STRINGS = YES;
				SWIFT_VERSION = 5.0;
				TARGETED_DEVICE_FAMILY = 4;
				VALIDATE_PRODUCT = YES;
				WATCHOS_DEPLOYMENT_TARGET = 10.2;
			};
			name = Release;
		};
		97C8A04F2B68765A00B7CDDA /* Debug */ = {
			isa = XCBuildConfiguration;
			buildSettings = {
				ALWAYS_EMBED_SWIFT_STANDARD_LIBRARIES = YES;
				ASSETCATALOG_COMPILER_APPICON_NAME = AppIcon;
				ASSETCATALOG_COMPILER_GLOBAL_ACCENT_COLOR_NAME = AccentColor;
				CODE_SIGN_STYLE = Automatic;
				CURRENT_PROJECT_VERSION = 1;
				DEVELOPMENT_ASSET_PATHS = "\"ZenFocus/Preview Content\"";
				DEVELOPMENT_TEAM = 92R87MQ44U;
				ENABLE_PREVIEWS = YES;
				GENERATE_INFOPLIST_FILE = YES;
				INFOPLIST_KEY_CFBundleDisplayName = ZenFocus;
				INFOPLIST_KEY_UIApplicationSceneManifest_Generation = YES;
				INFOPLIST_KEY_UIApplicationSupportsIndirectInputEvents = YES;
				INFOPLIST_KEY_UILaunchScreen_Generation = YES;
				INFOPLIST_KEY_UISupportedInterfaceOrientations_iPad = "UIInterfaceOrientationPortrait UIInterfaceOrientationPortraitUpsideDown UIInterfaceOrientationLandscapeLeft UIInterfaceOrientationLandscapeRight";
				INFOPLIST_KEY_UISupportedInterfaceOrientations_iPhone = "UIInterfaceOrientationPortrait UIInterfaceOrientationLandscapeLeft UIInterfaceOrientationLandscapeRight";
				IPHONEOS_DEPLOYMENT_TARGET = 17.2;
				LD_RUNPATH_SEARCH_PATHS = (
					"$(inherited)",
					"@executable_path/Frameworks",
				);
				MARKETING_VERSION = 1.0;
				PRODUCT_BUNDLE_IDENTIFIER = com.kwawannan.ZenFocus;
				PRODUCT_NAME = "$(TARGET_NAME)";
				SDKROOT = iphoneos;
				SWIFT_EMIT_LOC_STRINGS = YES;
				SWIFT_VERSION = 5.0;
				TARGETED_DEVICE_FAMILY = "1,2";
			};
			name = Debug;
		};
		97C8A0502B68765A00B7CDDA /* Release */ = {
			isa = XCBuildConfiguration;
			buildSettings = {
				ALWAYS_EMBED_SWIFT_STANDARD_LIBRARIES = YES;
				ASSETCATALOG_COMPILER_APPICON_NAME = AppIcon;
				ASSETCATALOG_COMPILER_GLOBAL_ACCENT_COLOR_NAME = AccentColor;
				CODE_SIGN_STYLE = Automatic;
				CURRENT_PROJECT_VERSION = 1;
				DEVELOPMENT_ASSET_PATHS = "\"ZenFocus/Preview Content\"";
				DEVELOPMENT_TEAM = 92R87MQ44U;
				ENABLE_PREVIEWS = YES;
				GENERATE_INFOPLIST_FILE = YES;
				INFOPLIST_KEY_CFBundleDisplayName = ZenFocus;
				INFOPLIST_KEY_UIApplicationSceneManifest_Generation = YES;
				INFOPLIST_KEY_UIApplicationSupportsIndirectInputEvents = YES;
				INFOPLIST_KEY_UILaunchScreen_Generation = YES;
				INFOPLIST_KEY_UISupportedInterfaceOrientations_iPad = "UIInterfaceOrientationPortrait UIInterfaceOrientationPortraitUpsideDown UIInterfaceOrientationLandscapeLeft UIInterfaceOrientationLandscapeRight";
				INFOPLIST_KEY_UISupportedInterfaceOrientations_iPhone = "UIInterfaceOrientationPortrait UIInterfaceOrientationLandscapeLeft UIInterfaceOrientationLandscapeRight";
				IPHONEOS_DEPLOYMENT_TARGET = 17.2;
				LD_RUNPATH_SEARCH_PATHS = (
					"$(inherited)",
					"@executable_path/Frameworks",
				);
				MARKETING_VERSION = 1.0;
				PRODUCT_BUNDLE_IDENTIFIER = com.kwawannan.ZenFocus;
				PRODUCT_NAME = "$(TARGET_NAME)";
				SDKROOT = iphoneos;
				SWIFT_EMIT_LOC_STRINGS = YES;
				SWIFT_VERSION = 5.0;
				TARGETED_DEVICE_FAMILY = "1,2";
				VALIDATE_PRODUCT = YES;
			};
			name = Release;
		};
/* End XCBuildConfiguration section */

/* Begin XCConfigurationList section */
		97C8A0252B68765100B7CDDA /* Build configuration list for PBXProject "ZenFocus" */ = {
			isa = XCConfigurationList;
			buildConfigurations = (
				97C8A0482B68765A00B7CDDA /* Debug */,
				97C8A0492B68765A00B7CDDA /* Release */,
			);
			defaultConfigurationIsVisible = 0;
			defaultConfigurationName = Release;
		};
		97C8A04A2B68765A00B7CDDA /* Build configuration list for PBXNativeTarget "ZenFocus Watch App" */ = {
			isa = XCConfigurationList;
			buildConfigurations = (
				97C8A04B2B68765A00B7CDDA /* Debug */,
				97C8A04C2B68765A00B7CDDA /* Release */,
			);
			defaultConfigurationIsVisible = 0;
			defaultConfigurationName = Release;
		};
		97C8A04E2B68765A00B7CDDA /* Build configuration list for PBXNativeTarget "ZenFocus" */ = {
			isa = XCConfigurationList;
			buildConfigurations = (
				97C8A04F2B68765A00B7CDDA /* Debug */,
				97C8A0502B68765A00B7CDDA /* Release */,
			);
			defaultConfigurationIsVisible = 0;
			defaultConfigurationName = Release;
		};
/* End XCConfigurationList section */
	};
	rootObject = 97C8A0222B68765100B7CDDA /* Project object */;
}
